// !$*UTF8*$!
{
	archiveVersion = 1;
	classes = {
	};
	objectVersion = 77;
	objects = {

/* Begin PBXFileReference section */
		359D41BAF78AFE0DE1BBE7AE /* KMPZeroCostLab.app */ = {isa = PBXFileReference; explicitFileType = wrapper.application; includeInIndex = 0; path = KMPZeroCostLab.app; sourceTree = BUILT_PRODUCTS_DIR; };
		A10000000000000000000001 /* KMPZeroCostLabUITests.xctest */ = {isa = PBXFileReference; explicitFileType = wrapper.cfbundle; includeInIndex = 0; path = KMPZeroCostLabUITests.xctest; sourceTree = BUILT_PRODUCTS_DIR; };
/* End PBXFileReference section */

/* Begin PBXFileSystemSynchronizedBuildFileExceptionSet section */
		28C0450CE43C084F4BBB2BF1 /* Exceptions for "iosApp" folder in "iosApp" target */ = {
			isa = PBXFileSystemSynchronizedBuildFileExceptionSet;
			membershipExceptions = (
				Info.plist,
			);
			target = 839DEE466D852CB5BE6A61AA /* iosApp */;
		};
/* End PBXFileSystemSynchronizedBuildFileExceptionSet section */

/* Begin PBXFileSystemSynchronizedRootGroup section */
		A10000000000000000000002 /* iosAppUITests */ = {
			isa = PBXFileSystemSynchronizedRootGroup;
			path = iosAppUITests;
			sourceTree = "<group>";
		};
		9A0C6117BD6743E7DC978573 /* iosApp */ = {
			isa = PBXFileSystemSynchronizedRootGroup;
			exceptions = (
				28C0450CE43C084F4BBB2BF1 /* Exceptions for "iosApp" folder in "iosApp" target */,
			);
			path = iosApp;
			sourceTree = "<group>";
		};
		998E685E885CB361F86C9746 /* Configuration */ = {
			isa = PBXFileSystemSynchronizedRootGroup;
			path = Configuration;
			sourceTree = "<group>";
		};
/* End PBXFileSystemSynchronizedRootGroup section */

/* Begin PBXFrameworksBuildPhase section */
		A10000000000000000000003 /* Frameworks */ = {
			isa = PBXFrameworksBuildPhase;
			buildActionMask = 2147483647;
			files = (
			);
			runOnlyForDeploymentPostprocessing = 0;
		};
		20BEBFB01100B276545718C3 /* Frameworks */ = {
			isa = PBXFrameworksBuildPhase;
			buildActionMask = 2147483647;
			files = (
			);
			runOnlyForDeploymentPostprocessing = 0;
		};
/* End PBXFrameworksBuildPhase section */

/* Begin PBXGroup section */
		0F406CC8E3A188FFF11059EB = {
			isa = PBXGroup;
			children = (
				998E685E885CB361F86C9746 /* Configuration */,
				9A0C6117BD6743E7DC978573 /* iosApp */,
				A10000000000000000000002 /* iosAppUITests */,
				6FBCE62655DFBD6F83B89670 /* Products */,
			);
			sourceTree = "<group>";
		};
		6FBCE62655DFBD6F83B89670 /* Products */ = {
			isa = PBXGroup;
			children = (
				359D41BAF78AFE0DE1BBE7AE /* KMPZeroCostLab.app */,
				A10000000000000000000001 /* KMPZeroCostLabUITests.xctest */,
			);
			name = Products;
			sourceTree = "<group>";
		};
/* End PBXGroup section */

/* Begin PBXNativeTarget section */
		A10000000000000000000008 /* iosAppUITests */ = {
			isa = PBXNativeTarget;
			buildConfigurationList = A1000000000000000000000B /* Build configuration list for PBXNativeTarget "iosAppUITests" */;
			buildPhases = (
				A10000000000000000000005 /* Sources */,
				A10000000000000000000003 /* Frameworks */,
				A10000000000000000000004 /* Resources */,
			);
			buildRules = (
			);
			dependencies = (
				A10000000000000000000007 /* PBXTargetDependency */,
			);
			fileSystemSynchronizedGroups = (
				A10000000000000000000002 /* iosAppUITests */,
			);
			name = iosAppUITests;
			packageProductDependencies = (
			);
			productName = KMPZeroCostLabUITests;
			productReference = A10000000000000000000001 /* KMPZeroCostLabUITests.xctest */;
			productType = "com.apple.product-type.bundle.ui-testing";
		};
		839DEE466D852CB5BE6A61AA /* iosApp */ = {
			isa = PBXNativeTarget;
			buildConfigurationList = D6D9F9BF52D83DEEDC0BF662 /* Build configuration list for PBXNativeTarget "iosApp" */;
			buildPhases = (
				05835CCC16AD682D8C478A26 /* Compile Kotlin Framework */,
				F450279849599B56DD53B335 /* Sources */,
				20BEBFB01100B276545718C3 /* Frameworks */,
				1A572B40F27F72D37F347B5D /* Resources */,
			);
			buildRules = (
			);
			dependencies = (
			);
			fileSystemSynchronizedGroups = (
				9A0C6117BD6743E7DC978573 /* iosApp */,
			);
			name = iosApp;
			packageProductDependencies = (
			);
			productName = iosApp;
			productReference = 359D41BAF78AFE0DE1BBE7AE /* KMPZeroCostLab.app */;
			productType = "com.apple.product-type.application";
		};
/* End PBXNativeTarget section */

/* Begin PBXProject section */
		9979162CFA959D2832A46196 /* Project object */ = {
			isa = PBXProject;
			attributes = {
				BuildIndependentTargetsInParallel = 1;
				LastSwiftUpdateCheck = 1620;
				LastUpgradeCheck = 1620;
				TargetAttributes = {
					A10000000000000000000008 = {
						CreatedOnToolsVersion = 16.2;
						TestTargetID = 839DEE466D852CB5BE6A61AA;
					};
					839DEE466D852CB5BE6A61AA = {
						CreatedOnToolsVersion = 16.2;
					};
				};
			};
			buildConfigurationList = D92C304697E953C0026CC4A4 /* Build configuration list for PBXProject "iosApp" */;
			developmentRegion = en;
			hasScannedForEncodings = 0;
			knownRegions = (
				en,
				Base,
			);
			mainGroup = 0F406CC8E3A188FFF11059EB;
			minimizedProjectReferenceProxies = 1;
			preferredProjectObjectVersion = 77;
			productRefGroup = 6FBCE62655DFBD6F83B89670 /* Products */;
			projectDirPath = "";
			projectRoot = "";
			targets = (
				839DEE466D852CB5BE6A61AA /* iosApp */,
				A10000000000000000000008 /* iosAppUITests */,
			);
		};
/* End PBXProject section */

/* Begin PBXResourcesBuildPhase section */
		A10000000000000000000004 /* Resources */ = {
			isa = PBXResourcesBuildPhase;
			buildActionMask = 2147483647;
			files = (
			);
			runOnlyForDeploymentPostprocessing = 0;
		};
		1A572B40F27F72D37F347B5D /* Resources */ = {
			isa = PBXResourcesBuildPhase;
			buildActionMask = 2147483647;
			files = (
			);
			runOnlyForDeploymentPostprocessing = 0;
		};
/* End PBXResourcesBuildPhase section */

/* Begin PBXShellScriptBuildPhase section */
		05835CCC16AD682D8C478A26 /* Compile Kotlin Framework */ = {
			isa = PBXShellScriptBuildPhase;
			alwaysOutOfDate = 1;
			buildActionMask = 2147483647;
			files = (
			);
			inputFileListPaths = (
			);
			inputPaths = (
			);
			name = "Compile Kotlin Framework";
			outputFileListPaths = (
			);
			outputPaths = (
			);
			runOnlyForDeploymentPostprocessing = 0;
			shellPath = /bin/sh;
			shellScript = "cd \"$SRCROOT/..\"\ngradle :shared:embedAndSignAppleFrameworkForXcode --stacktrace\n";
		};
/* End PBXShellScriptBuildPhase section */

/* Begin PBXSourcesBuildPhase section */
		A10000000000000000000005 /* Sources */ = {
			isa = PBXSourcesBuildPhase;
			buildActionMask = 2147483647;
			files = (
			);
			runOnlyForDeploymentPostprocessing = 0;
		};
		F450279849599B56DD53B335 /* Sources */ = {
			isa = PBXSourcesBuildPhase;
			buildActionMask = 2147483647;
			files = (
			);
			runOnlyForDeploymentPostprocessing = 0;
		};
/* End PBXSourcesBuildPhase section */

/* Begin PBXContainerItemProxy section */
		A10000000000000000000006 /* PBXContainerItemProxy */ = {
			isa = PBXContainerItemProxy;
			containerPortal = 9979162CFA959D2832A46196 /* Project object */;
			proxyType = 1;
			remoteGlobalIDString = 839DEE466D852CB5BE6A61AA;
			remoteInfo = iosApp;
		};
/* End PBXContainerItemProxy section */

/* Begin PBXTargetDependency section */
		A10000000000000000000007 /* PBXTargetDependency */ = {
			isa = PBXTargetDependency;
			target = 839DEE466D852CB5BE6A61AA /* iosApp */;
			targetProxy = A10000000000000000000006 /* PBXContainerItemProxy */;
		};
/* End PBXTargetDependency section */

/* Begin XCBuildConfiguration section */
		A10000000000000000000009 /* Debug */ = {
			isa = XCBuildConfiguration;
			buildSettings = {
				GENERATE_INFOPLIST_FILE = YES;
				IPHONEOS_DEPLOYMENT_TARGET = 16.0;
				PRODUCT_BUNDLE_IDENTIFIER = dev.eliasworks.kmpzerocostlab.uitests;
				PRODUCT_NAME = KMPZeroCostLabUITests;
				SDKROOT = iphoneos;
				SWIFT_ACTIVE_COMPILATION_CONDITIONS = "DEBUG $(inherited)";
				SWIFT_VERSION = 5.0;
				TARGETED_DEVICE_FAMILY = "1,2";
				TEST_TARGET_NAME = iosApp;
			};
			name = Debug;
		};
		A1000000000000000000000A /* Release */ = {
			isa = XCBuildConfiguration;
			buildSettings = {
				GENERATE_INFOPLIST_FILE = YES;
				IPHONEOS_DEPLOYMENT_TARGET = 16.0;
				PRODUCT_BUNDLE_IDENTIFIER = dev.eliasworks.kmpzerocostlab.uitests;
				PRODUCT_NAME = KMPZeroCostLabUITests;
				SDKROOT = iphoneos;
				SWIFT_VERSION = 5.0;
				TARGETED_DEVICE_FAMILY = "1,2";
				TEST_TARGET_NAME = iosApp;
			};
			name = Release;
		};
		5EB32F92829E8D14EE827C94 /* Debug */ = {
			isa = XCBuildConfiguration;
			baseConfigurationReferenceAnchor = 998E685E885CB361F86C9746 /* Configuration */;
			baseConfigurationReferenceRelativePath = Config.xcconfig;
			buildSettings = {
				ALWAYS_SEARCH_USER_PATHS = NO;
				CLANG_ENABLE_MODULES = YES;
				COPY_PHASE_STRIP = NO;
				DEBUG_INFORMATION_FORMAT = dwarf;
				ENABLE_STRICT_OBJC_MSGSEND = YES;
				ENABLE_TESTABILITY = YES;
				ENABLE_USER_SCRIPT_SANDBOXING = NO;
				GCC_C_LANGUAGE_STANDARD = gnu17;
				GCC_OPTIMIZATION_LEVEL = 0;
				IPHONEOS_DEPLOYMENT_TARGET = 16.0;
				ONLY_ACTIVE_ARCH = YES;
				SDKROOT = iphoneos;
				SWIFT_ACTIVE_COMPILATION_CONDITIONS = "DEBUG $(inherited)";
				SWIFT_OPTIMIZATION_LEVEL = "-Onone";
			};
			name = Debug;
		};
		EDC93517EF7DA4C0CE2972CC /* Release */ = {
			isa = XCBuildConfiguration;
			baseConfigurationReferenceAnchor = 998E685E885CB361F86C9746 /* Configuration */;
			baseConfigurationReferenceRelativePath = Config.xcconfig;
			buildSettings = {
				ALWAYS_SEARCH_USER_PATHS = NO;
				CLANG_ENABLE_MODULES = YES;
				COPY_PHASE_STRIP = NO;
				DEBUG_INFORMATION_FORMAT = "dwarf-with-dsym";
				ENABLE_NS_ASSERTIONS = NO;
				ENABLE_STRICT_OBJC_MSGSEND = YES;
				ENABLE_USER_SCRIPT_SANDBOXING = NO;
				GCC_C_LANGUAGE_STANDARD = gnu17;
				IPHONEOS_DEPLOYMENT_TARGET = 16.0;
				SDKROOT = iphoneos;
				SWIFT_COMPILATION_MODE = wholemodule;
				VALIDATE_PRODUCT = YES;
			};
			name = Release;
		};
		9B060B08B6460851F3A3A05B /* Debug */ = {
			isa = XCBuildConfiguration;
			buildSettings = {
				ARCHS = arm64;
				GENERATE_INFOPLIST_FILE = YES;
				INFOPLIST_FILE = iosApp/Info.plist;
				INFOPLIST_KEY_CFBundleDisplayName = "KMP Zero Cost Lab";
				INFOPLIST_KEY_UIApplicationSceneManifest_Generation = YES;
				INFOPLIST_KEY_UIApplicationSupportsIndirectInputEvents = YES;
				INFOPLIST_KEY_UILaunchScreen_Generation = YES;
				INFOPLIST_KEY_UISupportedInterfaceOrientations_iPhone = "UIInterfaceOrientationPortrait UIInterfaceOrientationLandscapeLeft UIInterfaceOrientationLandscapeRight";
				LD_RUNPATH_SEARCH_PATHS = (
					"$(inherited)",
					"@executable_path/Frameworks",
				);
				SWIFT_EMIT_LOC_STRINGS = YES;
				SWIFT_VERSION = 5.0;
				TARGETED_DEVICE_FAMILY = "1,2";
			};
			name = Debug;
		};
		B102F732ED235BD1283ED502 /* Release */ = {
			isa = XCBuildConfiguration;
			buildSettings = {
				ARCHS = arm64;
				GENERATE_INFOPLIST_FILE = YES;
				INFOPLIST_FILE = iosApp/Info.plist;
				INFOPLIST_KEY_CFBundleDisplayName = "KMP Zero Cost Lab";
				INFOPLIST_KEY_UIApplicationSceneManifest_Generation = YES;
				INFOPLIST_KEY_UIApplicationSupportsIndirectInputEvents = YES;
				INFOPLIST_KEY_UILaunchScreen_Generation = YES;
				INFOPLIST_KEY_UISupportedInterfaceOrientations_iPhone = "UIInterfaceOrientationPortrait UIInterfaceOrientationLandscapeLeft UIInterfaceOrientationLandscapeRight";
				LD_RUNPATH_SEARCH_PATHS = (
					"$(inherited)",
					"@executable_path/Frameworks",
				);
				SWIFT_EMIT_LOC_STRINGS = YES;
				SWIFT_VERSION = 5.0;
				TARGETED_DEVICE_FAMILY = "1,2";
			};
			name = Release;
		};
/* End XCBuildConfiguration section */

/* Begin XCConfigurationList section */
		A1000000000000000000000B /* Build configuration list for PBXNativeTarget "iosAppUITests" */ = {
			isa = XCConfigurationList;
			buildConfigurations = (
				A10000000000000000000009 /* Debug */,
				A1000000000000000000000A /* Release */,
			);
			defaultConfigurationIsVisible = 0;
			defaultConfigurationName = Release;
		};
		D92C304697E953C0026CC4A4 /* Build configuration list for PBXProject "iosApp" */ = {
			isa = XCConfigurationList;
			buildConfigurations = (
				5EB32F92829E8D14EE827C94 /* Debug */,
				EDC93517EF7DA4C0CE2972CC /* Release */,
			);
			defaultConfigurationIsVisible = 0;
			defaultConfigurationName = Release;
		};
		D6D9F9BF52D83DEEDC0BF662 /* Build configuration list for PBXNativeTarget "iosApp" */ = {
			isa = XCConfigurationList;
			buildConfigurations = (
				9B060B08B6460851F3A3A05B /* Debug */,
				B102F732ED235BD1283ED502 /* Release */,
			);
			defaultConfigurationIsVisible = 0;
			defaultConfigurationName = Release;
		};
/* End XCConfigurationList section */
	};
	rootObject = 9979162CFA959D2832A46196 /* Project object */;
}
